
Microsoft Visual Studio Solution File, Format Version 12.00
# Visual Studio 15
VisualStudioVersion = 15.0.28010.2036
MinimumVisualStudioVersion = 10.0.40219.1
Project("{9A19103F-16F7-4668-BE54-9A1E7A4F7556}") = "OpenPerpetuum.Api", "OpenPerpetuum.Api\OpenPerpetuum.Api.csproj", "{F8A63EB1-34DC-42EE-B602-1C8B5B4A5968}"
EndProject
Project("{9A19103F-16F7-4668-BE54-9A1E7A4F7556}") = "OpenPerpetuum.Core.Extensions", "OpenPerpetuum.Core\OpenPerpetuum.Core.Extensions\OpenPerpetuum.Core.Extensions.csproj", "{C9F4A668-5547-4A69-9F2A-855ED852A80A}"
EndProject
Project("{9A19103F-16F7-4668-BE54-9A1E7A4F7556}") = "OpenPerpetuum.Core.DataServices", "OpenPerpetuum.Core.DataServices\OpenPerpetuum.Core.DataServices.csproj", "{E11E68A3-3E71-44DB-8536-21813AA9D1A9}"
EndProject
Project("{9A19103F-16F7-4668-BE54-9A1E7A4F7556}") = "OpenPerpetuum.Core.Foundation", "OpenPerpetuum.Core.Foundation\OpenPerpetuum.Core.Foundation.csproj", "{D86CC47A-88C2-49DB-8B36-ED14471D03A2}"
EndProject
Project("{9A19103F-16F7-4668-BE54-9A1E7A4F7556}") = "OpenPerpetuum.Core.Authorisation", "OpenPerpetuum.Core.Authorisation\OpenPerpetuum.Core.Authorisation.csproj", "{72288B00-F3D3-4C19-A277-9EF2EFAE9ADE}"
EndProject
Project("{9A19103F-16F7-4668-BE54-9A1E7A4F7556}") = "OpenPerpetuum.IdentityServer", "OpenPerpetuum.IdentityServer\OpenPerpetuum.IdentityServer.csproj", "{C6F97053-41ED-4BCB-AF42-99C3C8FCBE0B}"
EndProject
Project("{9A19103F-16F7-4668-BE54-9A1E7A4F7556}") = "OpenPerpetuum.Core.SharedIdentity", "OpenPerpetuum.Core.SharedIdentity\OpenPerpetuum.Core.SharedIdentity.csproj", "{02B6AFF6-6177-45ED-B25A-6B8754699812}"
EndProject
Project("{9A19103F-16F7-4668-BE54-9A1E7A4F7556}") = "OpenPerpetuum.Core.Genxy", "OpenPerpetuum.Core.Genxy\OpenPerpetuum.Core.Genxy.csproj", "{6ECBD241-0934-454A-9374-830B25087059}"
EndProject
Project("{9A19103F-16F7-4668-BE54-9A1E7A4F7556}") = "OpenPerpetuum.Core.Killboard", "OpenPerpetuum.Core.Killboard\OpenPerpetuum.Core.Killboard.csproj", "{5EB04F20-828D-4013-A77E-18D652F45247}"
EndProject
Project("{2150E333-8FDC-42A3-9474-1A3956D46DE8}") = "API", "API", "{EB0619CD-EA14-4F23-82BD-445147032D31}"
EndProject
Project("{2150E333-8FDC-42A3-9474-1A3956D46DE8}") = "Identity Server", "Identity Server", "{994841D4-7ECA-469B-A50F-54C77B12B40B}"
EndProject
Project("{2150E333-8FDC-42A3-9474-1A3956D46DE8}") = "Shared", "Shared", "{A68AE22F-4139-4587-9E56-60E4ECA67B68}"
EndProject
Project("{2150E333-8FDC-42A3-9474-1A3956D46DE8}") = "[Solution Items]", "[Solution Items]", "{09BED128-63B9-4B39-86F9-06230E397308}"
	ProjectSection(SolutionItems) = preProject
		clean.ps1 = clean.ps1
		..\README.md = ..\README.md
	EndProjectSection
EndProject
Global
	GlobalSection(SolutionConfigurationPlatforms) = preSolution
		Debug|Any CPU = Debug|Any CPU
		Release|Any CPU = Release|Any CPU
	EndGlobalSection
	GlobalSection(ProjectConfigurationPlatforms) = postSolution
		{F8A63EB1-34DC-42EE-B602-1C8B5B4A5968}.Debug|Any CPU.ActiveCfg = Debug|Any CPU
		{F8A63EB1-34DC-42EE-B602-1C8B5B4A5968}.Debug|Any CPU.Build.0 = Debug|Any CPU
		{F8A63EB1-34DC-42EE-B602-1C8B5B4A5968}.Release|Any CPU.ActiveCfg = Release|Any CPU
		{F8A63EB1-34DC-42EE-B602-1C8B5B4A5968}.Release|Any CPU.Build.0 = Release|Any CPU
		{C9F4A668-5547-4A69-9F2A-855ED852A80A}.Debug|Any CPU.ActiveCfg = Debug|Any CPU
		{C9F4A668-5547-4A69-9F2A-855ED852A80A}.Debug|Any CPU.Build.0 = Debug|Any CPU
		{C9F4A668-5547-4A69-9F2A-855ED852A80A}.Release|Any CPU.ActiveCfg = Release|Any CPU
		{C9F4A668-5547-4A69-9F2A-855ED852A80A}.Release|Any CPU.Build.0 = Release|Any CPU
		{E11E68A3-3E71-44DB-8536-21813AA9D1A9}.Debug|Any CPU.ActiveCfg = Debug|Any CPU
		{E11E68A3-3E71-44DB-8536-21813AA9D1A9}.Debug|Any CPU.Build.0 = Debug|Any CPU
		{E11E68A3-3E71-44DB-8536-21813AA9D1A9}.Release|Any CPU.ActiveCfg = Release|Any CPU
		{E11E68A3-3E71-44DB-8536-21813AA9D1A9}.Release|Any CPU.Build.0 = Release|Any CPU
		{D86CC47A-88C2-49DB-8B36-ED14471D03A2}.Debug|Any CPU.ActiveCfg = Debug|Any CPU
		{D86CC47A-88C2-49DB-8B36-ED14471D03A2}.Debug|Any CPU.Build.0 = Debug|Any CPU
		{D86CC47A-88C2-49DB-8B36-ED14471D03A2}.Release|Any CPU.ActiveCfg = Release|Any CPU
		{D86CC47A-88C2-49DB-8B36-ED14471D03A2}.Release|Any CPU.Build.0 = Release|Any CPU
		{72288B00-F3D3-4C19-A277-9EF2EFAE9ADE}.Debug|Any CPU.ActiveCfg = Debug|Any CPU
		{72288B00-F3D3-4C19-A277-9EF2EFAE9ADE}.Debug|Any CPU.Build.0 = Debug|Any CPU
		{72288B00-F3D3-4C19-A277-9EF2EFAE9ADE}.Release|Any CPU.ActiveCfg = Release|Any CPU
		{72288B00-F3D3-4C19-A277-9EF2EFAE9ADE}.Release|Any CPU.Build.0 = Release|Any CPU
		{C6F97053-41ED-4BCB-AF42-99C3C8FCBE0B}.Debug|Any CPU.ActiveCfg = Debug|Any CPU
		{C6F97053-41ED-4BCB-AF42-99C3C8FCBE0B}.Debug|Any CPU.Build.0 = Debug|Any CPU
		{C6F97053-41ED-4BCB-AF42-99C3C8FCBE0B}.Release|Any CPU.ActiveCfg = Release|Any CPU
		{C6F97053-41ED-4BCB-AF42-99C3C8FCBE0B}.Release|Any CPU.Build.0 = Release|Any CPU
		{02B6AFF6-6177-45ED-B25A-6B8754699812}.Debug|Any CPU.ActiveCfg = Debug|Any CPU
		{02B6AFF6-6177-45ED-B25A-6B8754699812}.Debug|Any CPU.Build.0 = Debug|Any CPU
		{02B6AFF6-6177-45ED-B25A-6B8754699812}.Release|Any CPU.ActiveCfg = Release|Any CPU
		{02B6AFF6-6177-45ED-B25A-6B8754699812}.Release|Any CPU.Build.0 = Release|Any CPU
		{6ECBD241-0934-454A-9374-830B25087059}.Debug|Any CPU.ActiveCfg = Debug|Any CPU
		{6ECBD241-0934-454A-9374-830B25087059}.Debug|Any CPU.Build.0 = Debug|Any CPU
		{6ECBD241-0934-454A-9374-830B25087059}.Release|Any CPU.ActiveCfg = Release|Any CPU
		{6ECBD241-0934-454A-9374-830B25087059}.Release|Any CPU.Build.0 = Release|Any CPU
		{5EB04F20-828D-4013-A77E-18D652F45247}.Debug|Any CPU.ActiveCfg = Debug|Any CPU
		{5EB04F20-828D-4013-A77E-18D652F45247}.Debug|Any CPU.Build.0 = Debug|Any CPU
		{5EB04F20-828D-4013-A77E-18D652F45247}.Release|Any CPU.ActiveCfg = Release|Any CPU
		{5EB04F20-828D-4013-A77E-18D652F45247}.Release|Any CPU.Build.0 = Release|Any CPU
	EndGlobalSection
	GlobalSection(SolutionProperties) = preSolution
		HideSolutionNode = FALSE
	EndGlobalSection
	GlobalSection(NestedProjects) = preSolution
		{F8A63EB1-34DC-42EE-B602-1C8B5B4A5968} = {EB0619CD-EA14-4F23-82BD-445147032D31}
		{C9F4A668-5547-4A69-9F2A-855ED852A80A} = {A68AE22F-4139-4587-9E56-60E4ECA67B68}
		{E11E68A3-3E71-44DB-8536-21813AA9D1A9} = {A68AE22F-4139-4587-9E56-60E4ECA67B68}
		{D86CC47A-88C2-49DB-8B36-ED14471D03A2} = {A68AE22F-4139-4587-9E56-60E4ECA67B68}
		{72288B00-F3D3-4C19-A277-9EF2EFAE9ADE} = {A68AE22F-4139-4587-9E56-60E4ECA67B68}
		{C6F97053-41ED-4BCB-AF42-99C3C8FCBE0B} = {994841D4-7ECA-469B-A50F-54C77B12B40B}
		{02B6AFF6-6177-45ED-B25A-6B8754699812} = {A68AE22F-4139-4587-9E56-60E4ECA67B68}
		{6ECBD241-0934-454A-9374-830B25087059} = {A68AE22F-4139-4587-9E56-60E4ECA67B68}
		{5EB04F20-828D-4013-A77E-18D652F45247} = {A68AE22F-4139-4587-9E56-60E4ECA67B68}
	EndGlobalSection
	GlobalSection(ExtensibilityGlobals) = postSolution
		SolutionGuid = {0F468AD3-A642-4BE5-A167-554112C33363}
	EndGlobalSection
EndGlobal
